
Microsoft Visual Studio Solution File, Format Version 12.00
# Visual Studio Version 16
VisualStudioVersion = 16.0.30804.86
MinimumVisualStudioVersion = 10.0.40219.1
Project("{FAE04EC0-301F-11D3-BF4B-00C04F79EFBC}") = "LabNet2022Act3", "LabNet2022Act3\LabNet2022Act3.csproj", "{84987D24-D345-4DCE-85ED-DB55F5B5BACF}"
EndProject
Global
	GlobalSection(SolutionConfigurationPlatforms) = preSolution
		Debug|Any CPU = Debug|Any CPU
		Release|Any CPU = Release|Any CPU
	EndGlobalSection
	GlobalSection(ProjectConfigurationPlatforms) = postSolution
		{84987D24-D345-4DCE-85ED-DB55F5B5BACF}.Debug|Any CPU.ActiveCfg = Debug|Any CPU
		{84987D24-D345-4DCE-85ED-DB55F5B5BACF}.Debug|Any CPU.Build.0 = Debug|Any CPU
		{84987D24-D345-4DCE-85ED-DB55F5B5BACF}.Release|Any CPU.ActiveCfg = Release|Any CPU
		{84987D24-D345-4DCE-85ED-DB55F5B5BACF}.Release|Any CPU.Build.0 = Release|Any CPU
	EndGlobalSection
	GlobalSection(SolutionProperties) = preSolution
		HideSolutionNode = FALSE
	EndGlobalSection
	GlobalSection(ExtensibilityGlobals) = postSolution
		SolutionGuid = {696AFD38-DEC5-46AE-93E0-6E9422126D58}
	EndGlobalSection
EndGlobal
